
Microsoft Visual Studio Solution File, Format Version 12.00
# Visual Studio Version 17
VisualStudioVersion = 17.5.33516.290
MinimumVisualStudioVersion = 10.0.40219.1
Project("{2150E333-8FDC-42A3-9474-1A3956D46DE8}") = "TightlyCoupled", "TightlyCoupled", "{4DD27C45-DC1E-4169-B23F-9B54BFCB95A6}"
EndProject
Project("{9A19103F-16F7-4668-BE54-9A1E7A4F7556}") = "DependencyInjection.Sample.TightlyCoupled.Core", "DependencyInjection.Sample.TightlyCoupled.Core\DependencyInjection.Sample.TightlyCoupled.Core.csproj", "{232FC74D-121B-4DF0-8EED-C67AA87A18F3}"
EndProject
Project("{9A19103F-16F7-4668-BE54-9A1E7A4F7556}") = "DependencyInjection.Sample.TightlyCoupled.Application", "DependencyInjection.Sample.TightlyCoupled.Application\DependencyInjection.Sample.TightlyCoupled.Application.csproj", "{F53719E4-1318-4C37-866A-0F88619E355D}"
EndProject
Project("{2150E333-8FDC-42A3-9474-1A3956D46DE8}") = "LooselyCoupled", "LooselyCoupled", "{4468154E-D932-4B6F-918D-23CD85793F79}"
EndProject
Project("{9A19103F-16F7-4668-BE54-9A1E7A4F7556}") = "DependencyInjection.Sample.LooselyCoupled.Core", "DependencyInjection.Sample.LooselyCoupled.Core\DependencyInjection.Sample.LooselyCoupled.Core.csproj", "{4A37FE10-448E-4092-A0F3-6F7269216A34}"
EndProject
Project("{9A19103F-16F7-4668-BE54-9A1E7A4F7556}") = "DependencyInjection.Sample.LooselyCoupled.Application", "DependencyInjection.Sample.LooselyCoupled.Application\DependencyInjection.Sample.LooselyCoupled.Application.csproj", "{755F7FBA-0CE7-41B9-88A6-A31460055A53}"
EndProject
Project("{FAE04EC0-301F-11D3-BF4B-00C04F79EFBC}") = "DependencyInjection.Sample.LooselyCoupled.WebApi", "DependencyInjection.Sample.LooselyCoupled.WebApi\DependencyInjection.Sample.LooselyCoupled.WebApi.csproj", "{DABA7D1E-5971-4D8A-A601-B80B1E0BBAC9}"
EndProject
Project("{FAE04EC0-301F-11D3-BF4B-00C04F79EFBC}") = "DependencyInjection.Sample.TightlyCoupled.WebApi", "DependencyInjection.Sample.TightlyCoupled.WebApi\DependencyInjection.Sample.TightlyCoupled.WebApi.csproj", "{A9D5847C-AEDC-4286-891A-9FE167035308}"
EndProject
Global
	GlobalSection(SolutionConfigurationPlatforms) = preSolution
		Debug|Any CPU = Debug|Any CPU
		Release|Any CPU = Release|Any CPU
	EndGlobalSection
	GlobalSection(ProjectConfigurationPlatforms) = postSolution
		{232FC74D-121B-4DF0-8EED-C67AA87A18F3}.Debug|Any CPU.ActiveCfg = Debug|Any CPU
		{232FC74D-121B-4DF0-8EED-C67AA87A18F3}.Debug|Any CPU.Build.0 = Debug|Any CPU
		{232FC74D-121B-4DF0-8EED-C67AA87A18F3}.Release|Any CPU.ActiveCfg = Release|Any CPU
		{232FC74D-121B-4DF0-8EED-C67AA87A18F3}.Release|Any CPU.Build.0 = Release|Any CPU
		{F53719E4-1318-4C37-866A-0F88619E355D}.Debug|Any CPU.ActiveCfg = Debug|Any CPU
		{F53719E4-1318-4C37-866A-0F88619E355D}.Debug|Any CPU.Build.0 = Debug|Any CPU
		{F53719E4-1318-4C37-866A-0F88619E355D}.Release|Any CPU.ActiveCfg = Release|Any CPU
		{F53719E4-1318-4C37-866A-0F88619E355D}.Release|Any CPU.Build.0 = Release|Any CPU
		{4A37FE10-448E-4092-A0F3-6F7269216A34}.Debug|Any CPU.ActiveCfg = Debug|Any CPU
		{4A37FE10-448E-4092-A0F3-6F7269216A34}.Debug|Any CPU.Build.0 = Debug|Any CPU
		{4A37FE10-448E-4092-A0F3-6F7269216A34}.Release|Any CPU.ActiveCfg = Release|Any CPU
		{4A37FE10-448E-4092-A0F3-6F7269216A34}.Release|Any CPU.Build.0 = Release|Any CPU
		{755F7FBA-0CE7-41B9-88A6-A31460055A53}.Debug|Any CPU.ActiveCfg = Debug|Any CPU
		{755F7FBA-0CE7-41B9-88A6-A31460055A53}.Debug|Any CPU.Build.0 = Debug|Any CPU
		{755F7FBA-0CE7-41B9-88A6-A31460055A53}.Release|Any CPU.ActiveCfg = Release|Any CPU
		{755F7FBA-0CE7-41B9-88A6-A31460055A53}.Release|Any CPU.Build.0 = Release|Any CPU
		{DABA7D1E-5971-4D8A-A601-B80B1E0BBAC9}.Debug|Any CPU.ActiveCfg = Debug|Any CPU
		{DABA7D1E-5971-4D8A-A601-B80B1E0BBAC9}.Debug|Any CPU.Build.0 = Debug|Any CPU
		{DABA7D1E-5971-4D8A-A601-B80B1E0BBAC9}.Release|Any CPU.ActiveCfg = Release|Any CPU
		{DABA7D1E-5971-4D8A-A601-B80B1E0BBAC9}.Release|Any CPU.Build.0 = Release|Any CPU
		{A9D5847C-AEDC-4286-891A-9FE167035308}.Debug|Any CPU.ActiveCfg = Debug|Any CPU
		{A9D5847C-AEDC-4286-891A-9FE167035308}.Debug|Any CPU.Build.0 = Debug|Any CPU
		{A9D5847C-AEDC-4286-891A-9FE167035308}.Release|Any CPU.ActiveCfg = Release|Any CPU
		{A9D5847C-AEDC-4286-891A-9FE167035308}.Release|Any CPU.Build.0 = Release|Any CPU
	EndGlobalSection
	GlobalSection(SolutionProperties) = preSolution
		HideSolutionNode = FALSE
	EndGlobalSection
	GlobalSection(NestedProjects) = preSolution
		{232FC74D-121B-4DF0-8EED-C67AA87A18F3} = {4DD27C45-DC1E-4169-B23F-9B54BFCB95A6}
		{F53719E4-1318-4C37-866A-0F88619E355D} = {4DD27C45-DC1E-4169-B23F-9B54BFCB95A6}
		{4A37FE10-448E-4092-A0F3-6F7269216A34} = {4468154E-D932-4B6F-918D-23CD85793F79}
		{755F7FBA-0CE7-41B9-88A6-A31460055A53} = {4468154E-D932-4B6F-918D-23CD85793F79}
		{DABA7D1E-5971-4D8A-A601-B80B1E0BBAC9} = {4468154E-D932-4B6F-918D-23CD85793F79}
		{A9D5847C-AEDC-4286-891A-9FE167035308} = {4DD27C45-DC1E-4169-B23F-9B54BFCB95A6}
	EndGlobalSection
	GlobalSection(ExtensibilityGlobals) = postSolution
		SolutionGuid = {57C11110-9D6B-4FC2-9879-6F6E82FAA10B}
	EndGlobalSection
EndGlobal
